
Microsoft Visual Studio Solution File, Format Version 12.00
# Visual Studio Version 17
VisualStudioVersion = 17.3.32825.248
MinimumVisualStudioVersion = 10.0.40219.1
Project("{9A19103F-16F7-4668-BE54-9A1E7A4F7556}") = "IdentityServerSolidOIDC", "src\IdentityServerSolidOIDC\IdentityServerSolidOIDC.csproj", "{38D74F6C-7CD3-4580-A231-F895B0E4DB6A}"
EndProject
Global
	GlobalSection(SolutionConfigurationPlatforms) = preSolution
		Debug|Any CPU = Debug|Any CPU
		Release|Any CPU = Release|Any CPU
	EndGlobalSection
	GlobalSection(ProjectConfigurationPlatforms) = postSolution
		{38D74F6C-7CD3-4580-A231-F895B0E4DB6A}.Debug|Any CPU.ActiveCfg = Debug|Any CPU
		{38D74F6C-7CD3-4580-A231-F895B0E4DB6A}.Debug|Any CPU.Build.0 = Debug|Any CPU
		{38D74F6C-7CD3-4580-A231-F895B0E4DB6A}.Release|Any CPU.ActiveCfg = Release|Any CPU
		{38D74F6C-7CD3-4580-A231-F895B0E4DB6A}.Release|Any CPU.Build.0 = Release|Any CPU
	EndGlobalSection
	GlobalSection(SolutionProperties) = preSolution
		HideSolutionNode = FALSE
	EndGlobalSection
	GlobalSection(ExtensibilityGlobals) = postSolution
		SolutionGuid = {AE37B064-DBC2-4964-AFEF-4583A5151BDE}
	EndGlobalSection
EndGlobal
